{
  "nodes": {
    "blueprint": {
      "inputs": {
        "nixpkgs": [
          "nixpkgs"
        ],
        "systems": "systems"
      },
      "locked": {
        "lastModified": 1758687491,
        "narHash": "sha256-sy8Q+MfBe+MZzYj4MJwBDe4lkLnmhy1POO86hWZgqO8=",
        "owner": "numtide",
        "repo": "blueprint",
        "rev": "7ecaeb70f63d14a397c73b38f57177894bb795c8",
        "type": "github"
      },
      "original": {
        "owner": "numtide",
        "repo": "blueprint",
        "type": "github"
      }
    },
    "crane": {
      "locked": {
        "lastModified": 1758758545,
        "narHash": "sha256-NU5WaEdfwF6i8faJ2Yh+jcK9vVFrofLcwlD/mP65JrI=",
        "owner": "ipetkov",
        "repo": "crane",
        "rev": "95d528a5f54eaba0d12102249ce42f4d01f4e364",
        "type": "github"
      },
      "original": {
        "owner": "ipetkov",
        "repo": "crane",
        "type": "github"
      }
    },
    "cyclonedds-sources": {
      "flake": false,
      "locked": {
        "lastModified": 1759231175,
        "narHash": "sha256-o0ROsQ6opNksni6XBzeJctUp+p91M7pbRnrJyDcXNQw=",
        "owner": "eclipse-cyclonedds",
        "repo": "cyclonedds",
        "rev": "c9f5f3fcb478c62717bc874930fec6112fa153ae",
        "type": "github"
      },
      "original": {
        "owner": "eclipse-cyclonedds",
        "repo": "cyclonedds",
        "type": "github"
      }
    },
    "nixpkgs-latest": {
      "locked": {
        "lastModified": 1759395766,
        "narHash": "sha256-v8xF2Pft4B5rzWmqZ1qfIB/9JIPTZDqLpKlafaN0zwg=",
        "owner": "nixos",
        "repo": "nixpkgs",
        "rev": "114da121aedd8caba2ff4d785bbf8465c73c6054",
        "type": "github"
      },
      "original": {
        "owner": "nixos",
        "repo": "nixpkgs",
        "type": "github"
      }
    },
    "nixpkgs-stable": {
      "locked": {
        "lastModified": 1759281824,
        "narHash": "sha256-FIBE1qXv9TKvSNwst6FumyHwCRH3BlWDpfsnqRDCll0=",
        "owner": "nixos",
        "repo": "nixpkgs",
        "rev": "5b5be50345d4113d04ba58c444348849f5585b4a",
        "type": "github"
      },
      "original": {
        "owner": "nixos",
        "ref": "nixos-25.05",
        "repo": "nixpkgs",
        "type": "github"
      }
    },
    "nixpkgs-unstable": {
      "locked": {
        "lastModified": 1759036355,
        "narHash": "sha256-0m27AKv6ka+q270dw48KflE0LwQYrO7Fm4/2//KCVWg=",
        "owner": "nixos",
        "repo": "nixpkgs",
        "rev": "e9f00bd893984bc8ce46c895c3bf7cac95331127",
        "type": "github"
      },
      "original": {
        "owner": "nixos",
        "ref": "nixos-unstable",
        "repo": "nixpkgs",
        "type": "github"
      }
    },
    "root": {
      "inputs": {
        "blueprint": "blueprint",
        "crane": "crane",
        "cyclonedds-sources": "cyclonedds-sources",
        "nixpkgs": [
          "nixpkgs-stable"
        ],
        "nixpkgs-latest": "nixpkgs-latest",
        "nixpkgs-stable": "nixpkgs-stable",
        "nixpkgs-unstable": "nixpkgs-unstable",
        "rust-overlay": "rust-overlay",
        "treefmt-nix": "treefmt-nix"
      }
    },
    "rust-overlay": {
      "inputs": {
        "nixpkgs": [
          "nixpkgs"
        ]
      },
      "locked": {
        "lastModified": 1759372351,
        "narHash": "sha256-kULiC2oMMuyaO92gPiu+6XBfeXuFcXaauwo0tXAwXdQ=",
        "owner": "oxalica",
        "repo": "rust-overlay",
        "rev": "7ef14552303de7128662666f9a71342099ffc725",
        "type": "github"
      },
      "original": {
        "owner": "oxalica",
        "repo": "rust-overlay",
        "type": "github"
      }
    },
    "systems": {
      "locked": {
        "lastModified": 1681028828,
        "narHash": "sha256-Vy1rq5AaRuLzOxct8nz4T6wlgyUR7zLU309k9mBC768=",
        "owner": "nix-systems",
        "repo": "default",
        "rev": "da67096a3b9bf56a91d16901293e51ba5b49a27e",
        "type": "github"
      },
      "original": {
        "owner": "nix-systems",
        "repo": "default",
        "type": "github"
      }
    },
    "treefmt-nix": {
      "inputs": {
        "nixpkgs": [
          "nixpkgs"
        ]
      },
      "locked": {
        "lastModified": 1758728421,
        "narHash": "sha256-ySNJ008muQAds2JemiyrWYbwbG+V7S5wg3ZVKGHSFu8=",
        "owner": "numtide",
        "repo": "treefmt-nix",
        "rev": "5eda4ee8121f97b218f7cc73f5172098d458f1d1",
        "type": "github"
      },
      "original": {
        "owner": "numtide",
        "repo": "treefmt-nix",
        "type": "github"
      }
    }
  },
  "root": "root",
  "version": 7
}
